// !$*UTF8*$!
{
	archiveVersion = 1;
	classes = {
	};
	objectVersion = 46;
	objects = {

/* Begin PBXBuildFile section */
		89C23A051A3E9DCC00D4E97F /* main.m in Sources */ = {isa = PBXBuildFile; fileRef = 89C23A041A3E9DCC00D4E97F /* main.m */; };
		89C23A0D1A3EA67C00D4E97F /* Logger.m in Sources */ = {isa = PBXBuildFile; fileRef = 89C23A0C1A3EA67C00D4E97F /* Logger.m */; };
/* End PBXBuildFile section */

/* Begin PBXCopyFilesBuildPhase section */
		89C239FF1A3E9DCC00D4E97F /* CopyFiles */ = {
			isa = PBXCopyFilesBuildPhase;
			buildActionMask = 2147483647;
			dstPath = /usr/share/man/man1/;
			dstSubfolderSpec = 0;
			files = (
			);
			runOnlyForDeploymentPostprocessing = 1;
		};
/* End PBXCopyFilesBuildPhase section */

/* Begin PBXFileReference section */
		89C23A011A3E9DCC00D4E97F /* callback */ = {isa = PBXFileReference; explicitFileType = "compiled.mach-o.executable"; includeInIndex = 0; path = callback; sourceTree = BUILT_PRODUCTS_DIR; };
		89C23A041A3E9DCC00D4E97F /* main.m */ = {isa = PBXFileReference; lastKnownFileType = sourcecode.c.objc; path = main.m; sourceTree = "<group>"; };
		89C23A0B1A3EA67C00D4E97F /* Logger.h */ = {isa = PBXFileReference; fileEncoding = 4; lastKnownFileType = sourcecode.c.h; path = Logger.h; sourceTree = "<group>"; };
		89C23A0C1A3EA67C00D4E97F /* Logger.m */ = {isa = PBXFileReference; fileEncoding = 4; lastKnownFileType = sourcecode.c.objc; path = Logger.m; sourceTree = "<group>"; };
/* End PBXFileReference section */

/* Begin PBXFrameworksBuildPhase section */
		89C239FE1A3E9DCC00D4E97F /* Frameworks */ = {
			isa = PBXFrameworksBuildPhase;
			buildActionMask = 2147483647;
			files = (
			);
			runOnlyForDeploymentPostprocessing = 0;
		};
/* End PBXFrameworksBuildPhase section */

/* Begin PBXGroup section */
		89C239F81A3E9DCC00D4E97F = {
			isa = PBXGroup;
			children = (
				89C23A031A3E9DCC00D4E97F /* callback */,
				89C23A021A3E9DCC00D4E97F /* Products */,
			);
			sourceTree = "<group>";
		};
		89C23A021A3E9DCC00D4E97F /* Products */ = {
			isa = PBXGroup;
			children = (
				89C23A011A3E9DCC00D4E97F /* callback */,
			);
			name = Products;
			sourceTree = "<group>";
		};
		89C23A031A3E9DCC00D4E97F /* callback */ = {
			isa = PBXGroup;
			children = (
				89C23A041A3E9DCC00D4E97F /* main.m */,
				89C23A0B1A3EA67C00D4E97F /* Logger.h */,
				89C23A0C1A3EA67C00D4E97F /* Logger.m */,
			);
			path = callback;
			sourceTree = "<group>";
		};
/* End PBXGroup section */

/* Begin PBXNativeTarget section */
		89C23A001A3E9DCC00D4E97F /* callback */ = {
			isa = PBXNativeTarget;
			buildConfigurationList = 89C23A081A3E9DCC00D4E97F /* Build configuration list for PBXNativeTarget "callback" */;
			buildPhases = (
				89C239FD1A3E9DCC00D4E97F /* Sources */,
				89C239FE1A3E9DCC00D4E97F /* Frameworks */,
				89C239FF1A3E9DCC00D4E97F /* CopyFiles */,
			);
			buildRules = (
			);
			dependencies = (
			);
			name = callback;
			productName = callback;
			productReference = 89C23A011A3E9DCC00D4E97F /* callback */;
			productType = "com.apple.product-type.tool";
		};
/* End PBXNativeTarget section */

/* Begin PBXProject section */
		89C239F91A3E9DCC00D4E97F /* Project object */ = {
			isa = PBXProject;
			attributes = {
				LastUpgradeCheck = 0610;
				ORGANIZATIONNAME = honux;
				TargetAttributes = {
					89C23A001A3E9DCC00D4E97F = {
						CreatedOnToolsVersion = 6.1.1;
					};
				};
			};
			buildConfigurationList = 89C239FC1A3E9DCC00D4E97F /* Build configuration list for PBXProject "callback" */;
			compatibilityVersion = "Xcode 3.2";
			developmentRegion = English;
			hasScannedForEncodings = 0;
			knownRegions = (
				en,
			);
			mainGroup = 89C239F81A3E9DCC00D4E97F;
			productRefGroup = 89C23A021A3E9DCC00D4E97F /* Products */;
			projectDirPath = "";
			projectRoot = "";
			targets = (
				89C23A001A3E9DCC00D4E97F /* callback */,
			);
		};
/* End PBXProject section */

/* Begin PBXSourcesBuildPhase section */
		89C239FD1A3E9DCC00D4E97F /* Sources */ = {
			isa = PBXSourcesBuildPhase;
			buildActionMask = 2147483647;
			files = (
				89C23A051A3E9DCC00D4E97F /* main.m in Sources */,
				89C23A0D1A3EA67C00D4E97F /* Logger.m in Sources */,
			);
			runOnlyForDeploymentPostprocessing = 0;
		};
/* End PBXSourcesBuildPhase section */

/* Begin XCBuildConfiguration section */
		89C23A061A3E9DCC00D4E97F /* Debug */ = {
			isa = XCBuildConfiguration;
			buildSettings = {
				ALWAYS_SEARCH_USER_PATHS = NO;
				CLANG_CXX_LANGUAGE_STANDARD = "gnu++0x";
				CLANG_CXX_LIBRARY = "libc++";
				CLANG_ENABLE_MODULES = YES;
				CLANG_ENABLE_OBJC_ARC = YES;
				CLANG_WARN_BOOL_CONVERSION = YES;
				CLANG_WARN_CONSTANT_CONVERSION = YES;
				CLANG_WARN_DIRECT_OBJC_ISA_USAGE = YES_ERROR;
				CLANG_WARN_EMPTY_BODY = YES;
				CLANG_WARN_ENUM_CONVERSION = YES;
				CLANG_WARN_INT_CONVERSION = YES;
				CLANG_WARN_OBJC_ROOT_CLASS = YES_ERROR;
				CLANG_WARN_UNREACHABLE_CODE = YES;
				CLANG_WARN__DUPLICATE_METHOD_MATCH = YES;
				COPY_PHASE_STRIP = NO;
				ENABLE_STRICT_OBJC_MSGSEND = YES;
				GCC_C_LANGUAGE_STANDARD = gnu99;
				GCC_DYNAMIC_NO_PIC = NO;
				GCC_OPTIMIZATION_LEVEL = 0;
				GCC_PREPROCESSOR_DEFINITIONS = (
					"DEBUG=1",
					"$(inherited)",
				);
				GCC_SYMBOLS_PRIVATE_EXTERN = NO;
				GCC_WARN_64_TO_32_BIT_CONVERSION = YES;
				GCC_WARN_ABOUT_RETURN_TYPE = YES_ERROR;
				GCC_WARN_UNDECLARED_SELECTOR = YES;
				GCC_WARN_UNINITIALIZED_AUTOS = YES_AGGRESSIVE;
				GCC_WARN_UNUSED_FUNCTION = YES;
				GCC_WARN_UNUSED_VARIABLE = YES;
				MACOSX_DEPLOYMENT_TARGET = 10.10;
				MTL_ENABLE_DEBUG_INFO = YES;
				ONLY_ACTIVE_ARCH = YES;
				SDKROOT = macosx;
			};
			name = Debug;
		};
		89C23A071A3E9DCC00D4E97F /* Release */ = {
			isa = XCBuildConfiguration;
			buildSettings = {
				ALWAYS_SEARCH_USER_PATHS = NO;
				CLANG_CXX_LANGUAGE_STANDARD = "gnu++0x";
				CLANG_CXX_LIBRARY = "libc++";
				CLANG_ENABLE_MODULES = YES;
				CLANG_ENABLE_OBJC_ARC = YES;
				CLANG_WARN_BOOL_CONVERSION = YES;
				CLANG_WARN_CONSTANT_CONVERSION = YES;
				CLANG_WARN_DIRECT_OBJC_ISA_USAGE = YES_ERROR;
				CLANG_WARN_EMPTY_BODY = YES;
				CLANG_WARN_ENUM_CONVERSION = YES;
				CLANG_WARN_INT_CONVERSION = YES;
				CLANG_WARN_OBJC_ROOT_CLASS = YES_ERROR;
				CLANG_WARN_UNREACHABLE_CODE = YES;
				CLANG_WARN__DUPLICATE_METHOD_MATCH = YES;
				COPY_PHASE_STRIP = YES;
				DEBUG_INFORMATION_FORMAT = "dwarf-with-dsym";
				ENABLE_NS_ASSERTIONS = NO;
				ENABLE_STRICT_OBJC_MSGSEND = YES;
				GCC_C_LANGUAGE_STANDARD = gnu99;
				GCC_WARN_64_TO_32_BIT_CONVERSION = YES;
				GCC_WARN_ABOUT_RETURN_TYPE = YES_ERROR;
				GCC_WARN_UNDECLARED_SELECTOR = YES;
				GCC_WARN_UNINITIALIZED_AUTOS = YES_AGGRESSIVE;
				GCC_WARN_UNUSED_FUNCTION = YES;
				GCC_WARN_UNUSED_VARIABLE = YES;
				MACOSX_DEPLOYMENT_TARGET = 10.10;
				MTL_ENABLE_DEBUG_INFO = NO;
				SDKROOT = macosx;
			};
			name = Release;
		};
		89C23A091A3E9DCC00D4E97F /* Debug */ = {
			isa = XCBuildConfiguration;
			buildSettings = {
				PRODUCT_NAME = "$(TARGET_NAME)";
			};
			name = Debug;
		};
		89C23A0A1A3E9DCC00D4E97F /* Release */ = {
			isa = XCBuildConfiguration;
			buildSettings = {
				PRODUCT_NAME = "$(TARGET_NAME)";
			};
			name = Release;
		};
/* End XCBuildConfiguration section */

/* Begin XCConfigurationList section */
		89C239FC1A3E9DCC00D4E97F /* Build configuration list for PBXProject "callback" */ = {
			isa = XCConfigurationList;
			buildConfigurations = (
				89C23A061A3E9DCC00D4E97F /* Debug */,
				89C23A071A3E9DCC00D4E97F /* Release */,
			);
			defaultConfigurationIsVisible = 0;
			defaultConfigurationName = Release;
		};
		89C23A081A3E9DCC00D4E97F /* Build configuration list for PBXNativeTarget "callback" */ = {
			isa = XCConfigurationList;
			buildConfigurations = (
				89C23A091A3E9DCC00D4E97F /* Debug */,
				89C23A0A1A3E9DCC00D4E97F /* Release */,
			);
			defaultConfigurationIsVisible = 0;
		};
/* End XCConfigurationList section */
	};
	rootObject = 89C239F91A3E9DCC00D4E97F /* Project object */;
}
